{
  "name": "server",
  "lockfileVersion": 3,
  "requires": true,
  "packages": {
    "": {
      "dependencies": {
        "geopulse": "0.0.39"
      }
    },
    "..": {
      "name": "geopulse",
      "version": "0.0.36",
      "extraneous": true,
      "license": "MIT",
      "dependencies": {
        "simple-xml-to-json": "^1.2.3"
      },
      "devDependencies": {
        "@types/node": "^22.7.0",
        "typescript": "^5.6.2",
        "vitest": "^2.1.1"
      }
    },
    "node_modules/geopulse": {
      "version": "0.0.39",
      "resolved": "https://registry.npmjs.org/geopulse/-/geopulse-0.0.39.tgz",
      "integrity": "sha512-UTw16jV4flZfqbHen4JjBPLSk/CgdahJrIw/UA0jSP+wfgZ263UZcULe94oL/RjIjaXQpHzK9y4FFQ7T2ClbaA==",
      "dependencies": {
        "simple-xml-to-json": "^1.2.3"
      }
    },
    "node_modules/simple-xml-to-json": {
      "version": "1.2.3",
      "resolved": "https://registry.npmjs.org/simple-xml-to-json/-/simple-xml-to-json-1.2.3.tgz",
      "integrity": "sha512-kWJDCr9EWtZ+/EYYM5MareWj2cRnZGF93YDNpH4jQiHB+hBIZnfPFSQiVMzZOdk+zXWqTZ/9fTeQNu2DqeiudA==",
      "engines": {
        "node": ">=20.12.2"
      }
    }
  }
}
